{
    "_meta": {
        "hash": {
            "sha256": "8ca633e9301808a8ed48af718d459ae6d1ab2ca11131e61b10d4719fe6dee975"
        },
        "pipfile-spec": 6,
        "requires": {
            "python_version": "3.12"
        },
        "sources": [
            {
                "name": "pypi",
                "url": "https://pypi.org/simple",
                "verify_ssl": true
            }
        ]
    },
    "default": {
        "asgiref": {
            "hashes": [
                "sha256:3e1e3ecc849832fe52ccf2cb6686b7a55f82bb1d6aee72a58826471390335e47",
                "sha256:c343bd80a0bec947a9860adb4c432ffa7db769836c64238fc34bdc3fec84d590"
            ],
            "markers": "python_version >= '3.8'",
            "version": "==3.8.1"
        },
        "django": {
            "hashes": [
                "sha256:4bd01a8c830bb77a8a3b0e7d8b25b887e536ad17a81ba2dce5476135c73312bd",
                "sha256:916423499d75d62da7aa038d19aef23d23498d8df229775eb0a6309ee1013775"
            ],
            "index": "pypi",
            "markers": "python_version >= '3.10'",
            "version": "==5.0.4"
        },
        "django-debug-toolbar": {
            "hashes": [
                "sha256:0b0dddee5ea29b9cb678593bc0d7a6d76b21d7799cb68e091a2148341a80f3c4",
                "sha256:e09b7dcb8417b743234dfc57c95a7c1d1d87a88844abd13b4c5387f807b31bf6"
            ],
            "index": "pypi",
            "markers": "python_version >= '3.8'",
            "version": "==4.3.0"
        },
        "django-filter": {
            "hashes": [
                "sha256:48e5fc1da3ccd6ca0d5f9bb550973518ce977a4edde9d2a8a154a7f4f0b9f96e",
                "sha256:df2ee9857e18d38bed203c8745f62a803fa0f31688c9fe6f8e868120b1848e48"
            ],
            "index": "pypi",
            "markers": "python_version >= '3.8'",
            "version": "==24.2"
        },
        "djangorestframework": {
            "hashes": [
                "sha256:3ccc0475bce968608cf30d07fb17d8e52d1d7fc8bfe779c905463200750cbca6",
                "sha256:f88fad74183dfc7144b2756d0d2ac716ea5b4c7c9840995ac3bfd8ec034333c1"
            ],
            "index": "pypi",
            "markers": "python_version >= '3.6'",
            "version": "==3.15.1"
        },
        "drf-nested-routers": {
            "hashes": [
                "sha256:1407565abc7bada37c162c7e11bf214ae71625a17fdec6d9a47a17f4a3627d32",
                "sha256:9a6813554020134a02e62f8c2934b2047717f7da06f8b801752c521e43735c63"
            ],
            "index": "pypi",
            "markers": "python_version >= '3.8'",
            "version": "==0.93.5"
        },
        "sqlparse": {
            "hashes": [
                "sha256:714d0a4932c059d16189f58ef5411ec2287a4360f17cdd0edd2d09d4c5087c93",
                "sha256:c204494cd97479d0e39f28c93d46c0b2d5959c7b9ab904762ea6c7af211c8663"
            ],
            "index": "pypi",
            "markers": "python_version >= '3.8'",
            "version": "==0.5.0"
        },
        "tzdata": {
            "hashes": [
                "sha256:2674120f8d891909751c38abcdfd386ac0a5a1127954fbc332af6b5ceae07efd",
                "sha256:9068bc196136463f5245e51efda838afa15aaeca9903f49050dfa2679db4d252"
            ],
            "markers": "sys_platform == 'win32'",
            "version": "==2024.1"
        }
    },
    "develop": {}
}
